
Microsoft Visual Studio Solution File, Format Version 12.00
# Visual Studio Version 17
VisualStudioVersion = 17.9.34616.47
MinimumVisualStudioVersion = 10.0.40219.1
Project("{9A19103F-16F7-4668-BE54-9A1E7A4F7556}") = "entrainementAspNetCore", "entrainementAspNetCore\entrainementAspNetCore.csproj", "{024A3A3C-67E4-49D7-9675-EA1CCEA0B095}"
EndProject
Global
	GlobalSection(SolutionConfigurationPlatforms) = preSolution
		Debug|Any CPU = Debug|Any CPU
		Release|Any CPU = Release|Any CPU
	EndGlobalSection
	GlobalSection(ProjectConfigurationPlatforms) = postSolution
		{024A3A3C-67E4-49D7-9675-EA1CCEA0B095}.Debug|Any CPU.ActiveCfg = Debug|Any CPU
		{024A3A3C-67E4-49D7-9675-EA1CCEA0B095}.Debug|Any CPU.Build.0 = Debug|Any CPU
		{024A3A3C-67E4-49D7-9675-EA1CCEA0B095}.Release|Any CPU.ActiveCfg = Release|Any CPU
		{024A3A3C-67E4-49D7-9675-EA1CCEA0B095}.Release|Any CPU.Build.0 = Release|Any CPU
	EndGlobalSection
	GlobalSection(SolutionProperties) = preSolution
		HideSolutionNode = FALSE
	EndGlobalSection
	GlobalSection(ExtensibilityGlobals) = postSolution
		SolutionGuid = {DB4BEBFB-424B-4E66-AFDA-296085CC8C00}
	EndGlobalSection
EndGlobal
